
Microsoft Visual Studio Solution File, Format Version 12.00
# Visual Studio Version 16
VisualStudioVersion = 16.0.31515.178
MinimumVisualStudioVersion = 10.0.40219.1
Project("{9A19103F-16F7-4668-BE54-9A1E7A4F7556}") = "Music", "Music\Music.csproj", "{4824EEFB-9F07-4EF2-91C8-71EDA9B31876}"
EndProject
Project("{9A19103F-16F7-4668-BE54-9A1E7A4F7556}") = "Website", "Website\Website.csproj", "{395CA21C-B5EC-4DE8-89CC-DD821B1B0C8A}"
EndProject
Project("{FAE04EC0-301F-11D3-BF4B-00C04F79EFBC}") = "Mobile.Android", "Mobile\Mobile.Android\Mobile.Android.csproj", "{BA096BFE-8510-497E-8A09-627F7D7566A4}"
EndProject
Project("{FAE04EC0-301F-11D3-BF4B-00C04F79EFBC}") = "Mobile.iOS", "Mobile\Mobile.iOS\Mobile.iOS.csproj", "{EAFBCD9F-8E8E-4C8B-BCA6-711F113A8708}"
EndProject
Project("{9A19103F-16F7-4668-BE54-9A1E7A4F7556}") = "Mobile", "Mobile\Mobile\Mobile.csproj", "{63BA7B19-45DD-426B-9E95-3AA918E14E9F}"
EndProject
Global
	GlobalSection(SolutionConfigurationPlatforms) = preSolution
		Debug|Any CPU = Debug|Any CPU
		Debug|iPhone = Debug|iPhone
		Debug|iPhoneSimulator = Debug|iPhoneSimulator
		Release|Any CPU = Release|Any CPU
		Release|iPhone = Release|iPhone
		Release|iPhoneSimulator = Release|iPhoneSimulator
	EndGlobalSection
	GlobalSection(ProjectConfigurationPlatforms) = postSolution
		{4824EEFB-9F07-4EF2-91C8-71EDA9B31876}.Debug|Any CPU.ActiveCfg = Debug|Any CPU
		{4824EEFB-9F07-4EF2-91C8-71EDA9B31876}.Debug|Any CPU.Build.0 = Debug|Any CPU
		{4824EEFB-9F07-4EF2-91C8-71EDA9B31876}.Debug|iPhone.ActiveCfg = Debug|Any CPU
		{4824EEFB-9F07-4EF2-91C8-71EDA9B31876}.Debug|iPhone.Build.0 = Debug|Any CPU
		{4824EEFB-9F07-4EF2-91C8-71EDA9B31876}.Debug|iPhoneSimulator.ActiveCfg = Debug|Any CPU
		{4824EEFB-9F07-4EF2-91C8-71EDA9B31876}.Debug|iPhoneSimulator.Build.0 = Debug|Any CPU
		{4824EEFB-9F07-4EF2-91C8-71EDA9B31876}.Release|Any CPU.ActiveCfg = Release|Any CPU
		{4824EEFB-9F07-4EF2-91C8-71EDA9B31876}.Release|Any CPU.Build.0 = Release|Any CPU
		{4824EEFB-9F07-4EF2-91C8-71EDA9B31876}.Release|iPhone.ActiveCfg = Release|Any CPU
		{4824EEFB-9F07-4EF2-91C8-71EDA9B31876}.Release|iPhone.Build.0 = Release|Any CPU
		{4824EEFB-9F07-4EF2-91C8-71EDA9B31876}.Release|iPhoneSimulator.ActiveCfg = Release|Any CPU
		{4824EEFB-9F07-4EF2-91C8-71EDA9B31876}.Release|iPhoneSimulator.Build.0 = Release|Any CPU
		{395CA21C-B5EC-4DE8-89CC-DD821B1B0C8A}.Debug|Any CPU.ActiveCfg = Debug|Any CPU
		{395CA21C-B5EC-4DE8-89CC-DD821B1B0C8A}.Debug|Any CPU.Build.0 = Debug|Any CPU
		{395CA21C-B5EC-4DE8-89CC-DD821B1B0C8A}.Debug|iPhone.ActiveCfg = Debug|Any CPU
		{395CA21C-B5EC-4DE8-89CC-DD821B1B0C8A}.Debug|iPhone.Build.0 = Debug|Any CPU
		{395CA21C-B5EC-4DE8-89CC-DD821B1B0C8A}.Debug|iPhoneSimulator.ActiveCfg = Debug|Any CPU
		{395CA21C-B5EC-4DE8-89CC-DD821B1B0C8A}.Debug|iPhoneSimulator.Build.0 = Debug|Any CPU
		{395CA21C-B5EC-4DE8-89CC-DD821B1B0C8A}.Release|Any CPU.ActiveCfg = Release|Any CPU
		{395CA21C-B5EC-4DE8-89CC-DD821B1B0C8A}.Release|Any CPU.Build.0 = Release|Any CPU
		{395CA21C-B5EC-4DE8-89CC-DD821B1B0C8A}.Release|iPhone.ActiveCfg = Release|Any CPU
		{395CA21C-B5EC-4DE8-89CC-DD821B1B0C8A}.Release|iPhone.Build.0 = Release|Any CPU
		{395CA21C-B5EC-4DE8-89CC-DD821B1B0C8A}.Release|iPhoneSimulator.ActiveCfg = Release|Any CPU
		{395CA21C-B5EC-4DE8-89CC-DD821B1B0C8A}.Release|iPhoneSimulator.Build.0 = Release|Any CPU
		{BA096BFE-8510-497E-8A09-627F7D7566A4}.Debug|Any CPU.ActiveCfg = Debug|Any CPU
		{BA096BFE-8510-497E-8A09-627F7D7566A4}.Debug|Any CPU.Build.0 = Debug|Any CPU
		{BA096BFE-8510-497E-8A09-627F7D7566A4}.Debug|Any CPU.Deploy.0 = Debug|Any CPU
		{BA096BFE-8510-497E-8A09-627F7D7566A4}.Debug|iPhone.ActiveCfg = Debug|Any CPU
		{BA096BFE-8510-497E-8A09-627F7D7566A4}.Debug|iPhone.Build.0 = Debug|Any CPU
		{BA096BFE-8510-497E-8A09-627F7D7566A4}.Debug|iPhone.Deploy.0 = Debug|Any CPU
		{BA096BFE-8510-497E-8A09-627F7D7566A4}.Debug|iPhoneSimulator.ActiveCfg = Debug|Any CPU
		{BA096BFE-8510-497E-8A09-627F7D7566A4}.Debug|iPhoneSimulator.Build.0 = Debug|Any CPU
		{BA096BFE-8510-497E-8A09-627F7D7566A4}.Debug|iPhoneSimulator.Deploy.0 = Debug|Any CPU
		{BA096BFE-8510-497E-8A09-627F7D7566A4}.Release|Any CPU.ActiveCfg = Release|Any CPU
		{BA096BFE-8510-497E-8A09-627F7D7566A4}.Release|Any CPU.Build.0 = Release|Any CPU
		{BA096BFE-8510-497E-8A09-627F7D7566A4}.Release|Any CPU.Deploy.0 = Release|Any CPU
		{BA096BFE-8510-497E-8A09-627F7D7566A4}.Release|iPhone.ActiveCfg = Release|Any CPU
		{BA096BFE-8510-497E-8A09-627F7D7566A4}.Release|iPhone.Build.0 = Release|Any CPU
		{BA096BFE-8510-497E-8A09-627F7D7566A4}.Release|iPhone.Deploy.0 = Release|Any CPU
		{BA096BFE-8510-497E-8A09-627F7D7566A4}.Release|iPhoneSimulator.ActiveCfg = Release|Any CPU
		{BA096BFE-8510-497E-8A09-627F7D7566A4}.Release|iPhoneSimulator.Build.0 = Release|Any CPU
		{BA096BFE-8510-497E-8A09-627F7D7566A4}.Release|iPhoneSimulator.Deploy.0 = Release|Any CPU
		{EAFBCD9F-8E8E-4C8B-BCA6-711F113A8708}.Debug|Any CPU.ActiveCfg = Debug|iPhoneSimulator
		{EAFBCD9F-8E8E-4C8B-BCA6-711F113A8708}.Debug|iPhone.ActiveCfg = Debug|iPhone
		{EAFBCD9F-8E8E-4C8B-BCA6-711F113A8708}.Debug|iPhone.Build.0 = Debug|iPhone
		{EAFBCD9F-8E8E-4C8B-BCA6-711F113A8708}.Debug|iPhoneSimulator.ActiveCfg = Debug|iPhoneSimulator
		{EAFBCD9F-8E8E-4C8B-BCA6-711F113A8708}.Debug|iPhoneSimulator.Build.0 = Debug|iPhoneSimulator
		{EAFBCD9F-8E8E-4C8B-BCA6-711F113A8708}.Release|Any CPU.ActiveCfg = Release|iPhoneSimulator
		{EAFBCD9F-8E8E-4C8B-BCA6-711F113A8708}.Release|iPhone.ActiveCfg = Release|iPhone
		{EAFBCD9F-8E8E-4C8B-BCA6-711F113A8708}.Release|iPhone.Build.0 = Release|iPhone
		{EAFBCD9F-8E8E-4C8B-BCA6-711F113A8708}.Release|iPhoneSimulator.ActiveCfg = Release|iPhoneSimulator
		{EAFBCD9F-8E8E-4C8B-BCA6-711F113A8708}.Release|iPhoneSimulator.Build.0 = Release|iPhoneSimulator
		{63BA7B19-45DD-426B-9E95-3AA918E14E9F}.Debug|Any CPU.ActiveCfg = Debug|Any CPU
		{63BA7B19-45DD-426B-9E95-3AA918E14E9F}.Debug|Any CPU.Build.0 = Debug|Any CPU
		{63BA7B19-45DD-426B-9E95-3AA918E14E9F}.Debug|iPhone.ActiveCfg = Debug|Any CPU
		{63BA7B19-45DD-426B-9E95-3AA918E14E9F}.Debug|iPhone.Build.0 = Debug|Any CPU
		{63BA7B19-45DD-426B-9E95-3AA918E14E9F}.Debug|iPhoneSimulator.ActiveCfg = Debug|Any CPU
		{63BA7B19-45DD-426B-9E95-3AA918E14E9F}.Debug|iPhoneSimulator.Build.0 = Debug|Any CPU
		{63BA7B19-45DD-426B-9E95-3AA918E14E9F}.Release|Any CPU.ActiveCfg = Release|Any CPU
		{63BA7B19-45DD-426B-9E95-3AA918E14E9F}.Release|Any CPU.Build.0 = Release|Any CPU
		{63BA7B19-45DD-426B-9E95-3AA918E14E9F}.Release|iPhone.ActiveCfg = Release|Any CPU
		{63BA7B19-45DD-426B-9E95-3AA918E14E9F}.Release|iPhone.Build.0 = Release|Any CPU
		{63BA7B19-45DD-426B-9E95-3AA918E14E9F}.Release|iPhoneSimulator.ActiveCfg = Release|Any CPU
		{63BA7B19-45DD-426B-9E95-3AA918E14E9F}.Release|iPhoneSimulator.Build.0 = Release|Any CPU
	EndGlobalSection
	GlobalSection(SolutionProperties) = preSolution
		HideSolutionNode = FALSE
	EndGlobalSection
	GlobalSection(ExtensibilityGlobals) = postSolution
		SolutionGuid = {7FA9EB89-C6F0-4045-AFA4-608899B8DE1B}
	EndGlobalSection
EndGlobal
