
Microsoft Visual Studio Solution File, Format Version 12.00
# Visual Studio Version 16
VisualStudioVersion = 16.0.31515.178
MinimumVisualStudioVersion = 10.0.40219.1
Project("{9A19103F-16F7-4668-BE54-9A1E7A4F7556}") = "Music", "Music\Music.csproj", "{4824EEFB-9F07-4EF2-91C8-71EDA9B31876}"
EndProject
Project("{9A19103F-16F7-4668-BE54-9A1E7A4F7556}") = "Website", "Website\Website.csproj", "{395CA21C-B5EC-4DE8-89CC-DD821B1B0C8A}"
EndProject
Global
	GlobalSection(SolutionConfigurationPlatforms) = preSolution
		Debug|Any CPU = Debug|Any CPU
		Release|Any CPU = Release|Any CPU
	EndGlobalSection
	GlobalSection(ProjectConfigurationPlatforms) = postSolution
		{4824EEFB-9F07-4EF2-91C8-71EDA9B31876}.Debug|Any CPU.ActiveCfg = Debug|Any CPU
		{4824EEFB-9F07-4EF2-91C8-71EDA9B31876}.Debug|Any CPU.Build.0 = Debug|Any CPU
		{4824EEFB-9F07-4EF2-91C8-71EDA9B31876}.Release|Any CPU.ActiveCfg = Release|Any CPU
		{4824EEFB-9F07-4EF2-91C8-71EDA9B31876}.Release|Any CPU.Build.0 = Release|Any CPU
		{395CA21C-B5EC-4DE8-89CC-DD821B1B0C8A}.Debug|Any CPU.ActiveCfg = Debug|Any CPU
		{395CA21C-B5EC-4DE8-89CC-DD821B1B0C8A}.Debug|Any CPU.Build.0 = Debug|Any CPU
		{395CA21C-B5EC-4DE8-89CC-DD821B1B0C8A}.Release|Any CPU.ActiveCfg = Release|Any CPU
		{395CA21C-B5EC-4DE8-89CC-DD821B1B0C8A}.Release|Any CPU.Build.0 = Release|Any CPU
	EndGlobalSection
	GlobalSection(SolutionProperties) = preSolution
		HideSolutionNode = FALSE
	EndGlobalSection
	GlobalSection(ExtensibilityGlobals) = postSolution
		SolutionGuid = {7FA9EB89-C6F0-4045-AFA4-608899B8DE1B}
	EndGlobalSection
EndGlobal
